
Microsoft Visual Studio Solution File, Format Version 12.00
# Visual Studio Version 17
VisualStudioVersion = 17.0.31903.59
MinimumVisualStudioVersion = 10.0.40219.1
Project("{2150E333-8FDC-42A3-9474-1A3956D46DE8}") = "src", "src", "{7A41E7A7-2719-4270-AAB9-76EF22BA94C4}"
EndProject
Project("{FAE04EC0-301F-11D3-BF4B-00C04F79EFBC}") = "BlazorDevTools.Protocol", "src\BlazorDevTools.Protocol\BlazorDevTools.Protocol.csproj", "{EFA38F16-604A-4DBF-A371-54D52E345F29}"
EndProject
Project("{FAE04EC0-301F-11D3-BF4B-00C04F79EFBC}") = "BlazorDevTools.Runtime", "src\BlazorDevTools.Runtime\BlazorDevTools.Runtime.csproj", "{E31FD0CA-B7CB-4320-BABD-A7E0E16A343B}"
EndProject
Project("{FAE04EC0-301F-11D3-BF4B-00C04F79EFBC}") = "BlazorDevTools.SampleApp", "src\BlazorDevTools.SampleApp\BlazorDevTools.SampleApp.csproj", "{BE00CDF4-2406-4907-9A73-775C69369015}"
EndProject
Project("{2150E333-8FDC-42A3-9474-1A3956D46DE8}") = "tests", "tests", "{B27F8534-D709-478F-AB3F-D5A7F2BAE811}"
EndProject
Project("{FAE04EC0-301F-11D3-BF4B-00C04F79EFBC}") = "BlazorDevTools.Runtime.Tests", "tests\BlazorDevTools.Runtime.Tests\BlazorDevTools.Runtime.Tests.csproj", "{5BE9878A-C29C-4C05-A6F8-093241DC4AB0}"
EndProject
Project("{FAE04EC0-301F-11D3-BF4B-00C04F79EFBC}") = "BlazorDevTools.ExternalConsumer", "tests\BlazorDevTools.ExternalConsumer\BlazorDevTools.ExternalConsumer.csproj", "{C787B013-52CB-49DB-8A83-F220513DADC2}"
EndProject
Global
	GlobalSection(SolutionConfigurationPlatforms) = preSolution
		Debug|Any CPU = Debug|Any CPU
		Release|Any CPU = Release|Any CPU
	EndGlobalSection
	GlobalSection(ProjectConfigurationPlatforms) = postSolution
		{EFA38F16-604A-4DBF-A371-54D52E345F29}.Debug|Any CPU.ActiveCfg = Debug|Any CPU
		{EFA38F16-604A-4DBF-A371-54D52E345F29}.Debug|Any CPU.Build.0 = Debug|Any CPU
		{EFA38F16-604A-4DBF-A371-54D52E345F29}.Release|Any CPU.ActiveCfg = Release|Any CPU
		{EFA38F16-604A-4DBF-A371-54D52E345F29}.Release|Any CPU.Build.0 = Release|Any CPU
		{E31FD0CA-B7CB-4320-BABD-A7E0E16A343B}.Debug|Any CPU.ActiveCfg = Debug|Any CPU
		{E31FD0CA-B7CB-4320-BABD-A7E0E16A343B}.Debug|Any CPU.Build.0 = Debug|Any CPU
		{E31FD0CA-B7CB-4320-BABD-A7E0E16A343B}.Release|Any CPU.ActiveCfg = Release|Any CPU
		{E31FD0CA-B7CB-4320-BABD-A7E0E16A343B}.Release|Any CPU.Build.0 = Release|Any CPU
		{BE00CDF4-2406-4907-9A73-775C69369015}.Debug|Any CPU.ActiveCfg = Debug|Any CPU
		{BE00CDF4-2406-4907-9A73-775C69369015}.Debug|Any CPU.Build.0 = Debug|Any CPU
		{BE00CDF4-2406-4907-9A73-775C69369015}.Release|Any CPU.ActiveCfg = Release|Any CPU
		{BE00CDF4-2406-4907-9A73-775C69369015}.Release|Any CPU.Build.0 = Release|Any CPU
		{5BE9878A-C29C-4C05-A6F8-093241DC4AB0}.Debug|Any CPU.ActiveCfg = Debug|Any CPU
		{5BE9878A-C29C-4C05-A6F8-093241DC4AB0}.Debug|Any CPU.Build.0 = Debug|Any CPU
		{5BE9878A-C29C-4C05-A6F8-093241DC4AB0}.Release|Any CPU.ActiveCfg = Release|Any CPU
		{5BE9878A-C29C-4C05-A6F8-093241DC4AB0}.Release|Any CPU.Build.0 = Release|Any CPU
		{C787B013-52CB-49DB-8A83-F220513DADC2}.Debug|Any CPU.ActiveCfg = Debug|Any CPU
		{C787B013-52CB-49DB-8A83-F220513DADC2}.Debug|Any CPU.Build.0 = Debug|Any CPU
		{C787B013-52CB-49DB-8A83-F220513DADC2}.Release|Any CPU.ActiveCfg = Release|Any CPU
		{C787B013-52CB-49DB-8A83-F220513DADC2}.Release|Any CPU.Build.0 = Release|Any CPU
	EndGlobalSection
	GlobalSection(SolutionProperties) = preSolution
		HideSolutionNode = FALSE
	EndGlobalSection
	GlobalSection(NestedProjects) = preSolution
		{EFA38F16-604A-4DBF-A371-54D52E345F29} = {7A41E7A7-2719-4270-AAB9-76EF22BA94C4}
		{E31FD0CA-B7CB-4320-BABD-A7E0E16A343B} = {7A41E7A7-2719-4270-AAB9-76EF22BA94C4}
		{BE00CDF4-2406-4907-9A73-775C69369015} = {7A41E7A7-2719-4270-AAB9-76EF22BA94C4}
		{5BE9878A-C29C-4C05-A6F8-093241DC4AB0} = {B27F8534-D709-478F-AB3F-D5A7F2BAE811}
		{C787B013-52CB-49DB-8A83-F220513DADC2} = {B27F8534-D709-478F-AB3F-D5A7F2BAE811}
	EndGlobalSection
EndGlobal
